
Microsoft Visual Studio Solution File, Format Version 12.00
# Visual Studio Version 16
VisualStudioVersion = 16.0.32126.315
MinimumVisualStudioVersion = 10.0.40219.1
Project("{FAE04EC0-301F-11D3-BF4B-00C04F79EFBC}") = "Osztalypenz", "Osztalypenz\Osztalypenz.csproj", "{C7BF6F2B-6395-4D93-9BFA-0F1C8FDCD81C}"
EndProject
Global
	GlobalSection(SolutionConfigurationPlatforms) = preSolution
		Debug|Any CPU = Debug|Any CPU
		Release|Any CPU = Release|Any CPU
	EndGlobalSection
	GlobalSection(ProjectConfigurationPlatforms) = postSolution
		{C7BF6F2B-6395-4D93-9BFA-0F1C8FDCD81C}.Debug|Any CPU.ActiveCfg = Debug|Any CPU
		{C7BF6F2B-6395-4D93-9BFA-0F1C8FDCD81C}.Debug|Any CPU.Build.0 = Debug|Any CPU
		{C7BF6F2B-6395-4D93-9BFA-0F1C8FDCD81C}.Release|Any CPU.ActiveCfg = Release|Any CPU
		{C7BF6F2B-6395-4D93-9BFA-0F1C8FDCD81C}.Release|Any CPU.Build.0 = Release|Any CPU
	EndGlobalSection
	GlobalSection(SolutionProperties) = preSolution
		HideSolutionNode = FALSE
	EndGlobalSection
	GlobalSection(ExtensibilityGlobals) = postSolution
		SolutionGuid = {871866DB-BF81-4D26-B5D4-07CA7D5BAC01}
	EndGlobalSection
EndGlobal
